
Microsoft Visual Studio Solution File, Format Version 12.00
# Visual Studio 15
VisualStudioVersion = 15.0.28307.438
MinimumVisualStudioVersion = 10.0.40219.1
Project("{9A19103F-16F7-4668-BE54-9A1E7A4F7556}") = "UnitTesting.Database", "UnitTesting.Database\UnitTesting.Database.csproj", "{21225C15-20EC-46AE-9FAA-E2060BFAACBA}"
EndProject
Project("{9A19103F-16F7-4668-BE54-9A1E7A4F7556}") = "UnitTesting.Database.UnitTests", "UnitTesting.Database.UnitTests\UnitTesting.Database.UnitTests.csproj", "{0B4A0361-5021-4B84-9965-A7EECE1EE7B0}"
EndProject
Project("{9A19103F-16F7-4668-BE54-9A1E7A4F7556}") = "UnitTesting.Twitter", "UnitTesting.Twitter\UnitTesting.Twitter.csproj", "{C5A7340B-A9BB-41AC-8670-21BE1E314171}"
EndProject
Project("{9A19103F-16F7-4668-BE54-9A1E7A4F7556}") = "UnitTesting.Twitter.UnitTests", "UnitTesting.Twitter.UnitTests\UnitTesting.Twitter.UnitTests.csproj", "{0E2B2E84-610C-4E32-8925-7674F331033F}"
EndProject
Project("{9A19103F-16F7-4668-BE54-9A1E7A4F7556}") = "UnitTesting.Refactoring", "UnitTesting.Refactoring\UnitTesting.Refactoring.csproj", "{6BCB5075-DF4F-4845-B1FD-92BA499F6848}"
EndProject
Project("{9A19103F-16F7-4668-BE54-9A1E7A4F7556}") = "UnitTesting.Refactoring.UnitTests", "UnitTesting.Refactoring.UnitTests\UnitTesting.Refactoring.UnitTests.csproj", "{2CBBBB2D-4578-4134-9F5E-D6ECCC9C424E}"
EndProject
Global
	GlobalSection(SolutionConfigurationPlatforms) = preSolution
		Debug|Any CPU = Debug|Any CPU
		Release|Any CPU = Release|Any CPU
	EndGlobalSection
	GlobalSection(ProjectConfigurationPlatforms) = postSolution
		{21225C15-20EC-46AE-9FAA-E2060BFAACBA}.Debug|Any CPU.ActiveCfg = Debug|Any CPU
		{21225C15-20EC-46AE-9FAA-E2060BFAACBA}.Debug|Any CPU.Build.0 = Debug|Any CPU
		{21225C15-20EC-46AE-9FAA-E2060BFAACBA}.Release|Any CPU.ActiveCfg = Release|Any CPU
		{21225C15-20EC-46AE-9FAA-E2060BFAACBA}.Release|Any CPU.Build.0 = Release|Any CPU
		{0B4A0361-5021-4B84-9965-A7EECE1EE7B0}.Debug|Any CPU.ActiveCfg = Debug|Any CPU
		{0B4A0361-5021-4B84-9965-A7EECE1EE7B0}.Debug|Any CPU.Build.0 = Debug|Any CPU
		{0B4A0361-5021-4B84-9965-A7EECE1EE7B0}.Release|Any CPU.ActiveCfg = Release|Any CPU
		{0B4A0361-5021-4B84-9965-A7EECE1EE7B0}.Release|Any CPU.Build.0 = Release|Any CPU
		{C5A7340B-A9BB-41AC-8670-21BE1E314171}.Debug|Any CPU.ActiveCfg = Debug|Any CPU
		{C5A7340B-A9BB-41AC-8670-21BE1E314171}.Debug|Any CPU.Build.0 = Debug|Any CPU
		{C5A7340B-A9BB-41AC-8670-21BE1E314171}.Release|Any CPU.ActiveCfg = Release|Any CPU
		{C5A7340B-A9BB-41AC-8670-21BE1E314171}.Release|Any CPU.Build.0 = Release|Any CPU
		{0E2B2E84-610C-4E32-8925-7674F331033F}.Debug|Any CPU.ActiveCfg = Debug|Any CPU
		{0E2B2E84-610C-4E32-8925-7674F331033F}.Debug|Any CPU.Build.0 = Debug|Any CPU
		{0E2B2E84-610C-4E32-8925-7674F331033F}.Release|Any CPU.ActiveCfg = Release|Any CPU
		{0E2B2E84-610C-4E32-8925-7674F331033F}.Release|Any CPU.Build.0 = Release|Any CPU
		{6BCB5075-DF4F-4845-B1FD-92BA499F6848}.Debug|Any CPU.ActiveCfg = Debug|Any CPU
		{6BCB5075-DF4F-4845-B1FD-92BA499F6848}.Debug|Any CPU.Build.0 = Debug|Any CPU
		{6BCB5075-DF4F-4845-B1FD-92BA499F6848}.Release|Any CPU.ActiveCfg = Release|Any CPU
		{6BCB5075-DF4F-4845-B1FD-92BA499F6848}.Release|Any CPU.Build.0 = Release|Any CPU
		{2CBBBB2D-4578-4134-9F5E-D6ECCC9C424E}.Debug|Any CPU.ActiveCfg = Debug|Any CPU
		{2CBBBB2D-4578-4134-9F5E-D6ECCC9C424E}.Debug|Any CPU.Build.0 = Debug|Any CPU
		{2CBBBB2D-4578-4134-9F5E-D6ECCC9C424E}.Release|Any CPU.ActiveCfg = Release|Any CPU
		{2CBBBB2D-4578-4134-9F5E-D6ECCC9C424E}.Release|Any CPU.Build.0 = Release|Any CPU
	EndGlobalSection
	GlobalSection(SolutionProperties) = preSolution
		HideSolutionNode = FALSE
	EndGlobalSection
	GlobalSection(ExtensibilityGlobals) = postSolution
		SolutionGuid = {F196D297-60DB-4780-BC92-BF009B4F4E46}
	EndGlobalSection
EndGlobal
